
Microsoft Visual Studio Solution File, Format Version 12.00
# Visual Studio Version 17
VisualStudioVersion = 17.10.35004.147
MinimumVisualStudioVersion = 10.0.40219.1
Project("{FAE04EC0-301F-11D3-BF4B-00C04F79EFBC}") = "Triagle Type Identifier", "Triagle Type Identifier.csproj", "{318CF431-E330-4F16-9054-E3F23F9FC721}"
EndProject
Global
	GlobalSection(SolutionConfigurationPlatforms) = preSolution
		Debug|Any CPU = Debug|Any CPU
		Release|Any CPU = Release|Any CPU
	EndGlobalSection
	GlobalSection(ProjectConfigurationPlatforms) = postSolution
		{318CF431-E330-4F16-9054-E3F23F9FC721}.Debug|Any CPU.ActiveCfg = Debug|Any CPU
		{318CF431-E330-4F16-9054-E3F23F9FC721}.Debug|Any CPU.Build.0 = Debug|Any CPU
		{318CF431-E330-4F16-9054-E3F23F9FC721}.Release|Any CPU.ActiveCfg = Release|Any CPU
		{318CF431-E330-4F16-9054-E3F23F9FC721}.Release|Any CPU.Build.0 = Release|Any CPU
	EndGlobalSection
	GlobalSection(SolutionProperties) = preSolution
		HideSolutionNode = FALSE
	EndGlobalSection
	GlobalSection(ExtensibilityGlobals) = postSolution
		SolutionGuid = {F69FCA57-3196-4771-92D6-AEE74995028F}
	EndGlobalSection
EndGlobal
